
Microsoft Visual Studio Solution File, Format Version 12.00
# Visual Studio Version 17
VisualStudioVersion = 17.3.32929.385
MinimumVisualStudioVersion = 10.0.40219.1
Project("{FAE04EC0-301F-11D3-BF4B-00C04F79EFBC}") = "HeNeServer2", "HeNeServer2\HeNeServer2.csproj", "{B1DEF890-CBE9-463F-8B14-F9B70A73956E}"
EndProject
Global
	GlobalSection(SolutionConfigurationPlatforms) = preSolution
		Debug|Any CPU = Debug|Any CPU
		Release|Any CPU = Release|Any CPU
	EndGlobalSection
	GlobalSection(ProjectConfigurationPlatforms) = postSolution
		{B1DEF890-CBE9-463F-8B14-F9B70A73956E}.Debug|Any CPU.ActiveCfg = Debug|Any CPU
		{B1DEF890-CBE9-463F-8B14-F9B70A73956E}.Debug|Any CPU.Build.0 = Debug|Any CPU
		{B1DEF890-CBE9-463F-8B14-F9B70A73956E}.Release|Any CPU.ActiveCfg = Release|Any CPU
		{B1DEF890-CBE9-463F-8B14-F9B70A73956E}.Release|Any CPU.Build.0 = Release|Any CPU
	EndGlobalSection
	GlobalSection(SolutionProperties) = preSolution
		HideSolutionNode = FALSE
	EndGlobalSection
	GlobalSection(ExtensibilityGlobals) = postSolution
		SolutionGuid = {360644AC-D930-4CE2-994E-59DCC06ABC5F}
	EndGlobalSection
EndGlobal
